
Microsoft Visual Studio Solution File, Format Version 12.00
# Visual Studio 2013
VisualStudioVersion = 12.0.31101.0
MinimumVisualStudioVersion = 10.0.40219.1
Project("{FAE04EC0-301F-11D3-BF4B-00C04F79EFBC}") = "ServerManager.UiClient", "ServerManager.UiClient\ServerManager.UiClient.csproj", "{1544820C-8622-46C0-B883-7C2E60293DA9}"
EndProject
Project("{FAE04EC0-301F-11D3-BF4B-00C04F79EFBC}") = "ServerManager.Bll", "ServerManager.Bll\ServerManager.Bll.csproj", "{123A5E66-DC92-4A3F-B01C-DB63EA918BED}"
EndProject
Project("{FAE04EC0-301F-11D3-BF4B-00C04F79EFBC}") = "ServerManager.Model", "ServerManager.Model\ServerManager.Model.csproj", "{C8DDB228-4447-46F1-B363-9FC5B231B8C0}"
EndProject
Global
	GlobalSection(SolutionConfigurationPlatforms) = preSolution
		Debug|Any CPU = Debug|Any CPU
		Release|Any CPU = Release|Any CPU
	EndGlobalSection
	GlobalSection(ProjectConfigurationPlatforms) = postSolution
		{1544820C-8622-46C0-B883-7C2E60293DA9}.Debug|Any CPU.ActiveCfg = Debug|Any CPU
		{1544820C-8622-46C0-B883-7C2E60293DA9}.Debug|Any CPU.Build.0 = Debug|Any CPU
		{1544820C-8622-46C0-B883-7C2E60293DA9}.Release|Any CPU.ActiveCfg = Release|Any CPU
		{1544820C-8622-46C0-B883-7C2E60293DA9}.Release|Any CPU.Build.0 = Release|Any CPU
		{123A5E66-DC92-4A3F-B01C-DB63EA918BED}.Debug|Any CPU.ActiveCfg = Debug|Any CPU
		{123A5E66-DC92-4A3F-B01C-DB63EA918BED}.Debug|Any CPU.Build.0 = Debug|Any CPU
		{123A5E66-DC92-4A3F-B01C-DB63EA918BED}.Release|Any CPU.ActiveCfg = Release|Any CPU
		{123A5E66-DC92-4A3F-B01C-DB63EA918BED}.Release|Any CPU.Build.0 = Release|Any CPU
		{C8DDB228-4447-46F1-B363-9FC5B231B8C0}.Debug|Any CPU.ActiveCfg = Debug|Any CPU
		{C8DDB228-4447-46F1-B363-9FC5B231B8C0}.Debug|Any CPU.Build.0 = Debug|Any CPU
		{C8DDB228-4447-46F1-B363-9FC5B231B8C0}.Release|Any CPU.ActiveCfg = Release|Any CPU
		{C8DDB228-4447-46F1-B363-9FC5B231B8C0}.Release|Any CPU.Build.0 = Release|Any CPU
	EndGlobalSection
	GlobalSection(SolutionProperties) = preSolution
		HideSolutionNode = FALSE
	EndGlobalSection
EndGlobal
